
Microsoft Visual Studio Solution File, Format Version 12.00
# Visual Studio Version 17
VisualStudioVersion = 17.8.34511.84
MinimumVisualStudioVersion = 10.0.40219.1
Project("{FAE04EC0-301F-11D3-BF4B-00C04F79EFBC}") = "WebApiTechConnect", "WebApiTechConnect\WebApiTechConnect.csproj", "{38628814-701F-49FF-BB08-C4DE24235EF7}"
EndProject
Global
	GlobalSection(SolutionConfigurationPlatforms) = preSolution
		Debug|Any CPU = Debug|Any CPU
		Release|Any CPU = Release|Any CPU
	EndGlobalSection
	GlobalSection(ProjectConfigurationPlatforms) = postSolution
		{38628814-701F-49FF-BB08-C4DE24235EF7}.Debug|Any CPU.ActiveCfg = Debug|Any CPU
		{38628814-701F-49FF-BB08-C4DE24235EF7}.Debug|Any CPU.Build.0 = Debug|Any CPU
		{38628814-701F-49FF-BB08-C4DE24235EF7}.Release|Any CPU.ActiveCfg = Release|Any CPU
		{38628814-701F-49FF-BB08-C4DE24235EF7}.Release|Any CPU.Build.0 = Release|Any CPU
	EndGlobalSection
	GlobalSection(SolutionProperties) = preSolution
		HideSolutionNode = FALSE
	EndGlobalSection
	GlobalSection(ExtensibilityGlobals) = postSolution
		SolutionGuid = {15583425-311D-4B4A-B66C-305DC4710078}
	EndGlobalSection
EndGlobal
